
Microsoft Visual Studio Solution File, Format Version 12.00
# Visual Studio Version 17
VisualStudioVersion = 17.14.36518.9 d17.14
MinimumVisualStudioVersion = 10.0.40219.1
Project("{FAE04EC0-301F-11D3-BF4B-00C04F79EFBC}") = "LAB4.1", "LAB4.1\LAB4.1.csproj", "{F95477B5-5F3D-43EE-8851-CBD20338F2A9}"
EndProject
Global
	GlobalSection(SolutionConfigurationPlatforms) = preSolution
		Debug|Any CPU = Debug|Any CPU
		Release|Any CPU = Release|Any CPU
	EndGlobalSection
	GlobalSection(ProjectConfigurationPlatforms) = postSolution
		{F95477B5-5F3D-43EE-8851-CBD20338F2A9}.Debug|Any CPU.ActiveCfg = Debug|Any CPU
		{F95477B5-5F3D-43EE-8851-CBD20338F2A9}.Debug|Any CPU.Build.0 = Debug|Any CPU
		{F95477B5-5F3D-43EE-8851-CBD20338F2A9}.Release|Any CPU.ActiveCfg = Release|Any CPU
		{F95477B5-5F3D-43EE-8851-CBD20338F2A9}.Release|Any CPU.Build.0 = Release|Any CPU
	EndGlobalSection
	GlobalSection(SolutionProperties) = preSolution
		HideSolutionNode = FALSE
	EndGlobalSection
	GlobalSection(ExtensibilityGlobals) = postSolution
		SolutionGuid = {1B7B9385-51F0-4109-AC40-AC8FF6D9E20A}
	EndGlobalSection
EndGlobal
